
Microsoft Visual Studio Solution File, Format Version 12.00
# Visual Studio Version 16
VisualStudioVersion = 16.0.29209.62
MinimumVisualStudioVersion = 10.0.40219.1
Project("{FAE04EC0-301F-11D3-BF4B-00C04F79EFBC}") = "Section4", "Section4\Section4.csproj", "{EEDECC31-A424-4DBC-9A1C-09E73C164397}"
EndProject
Global
	GlobalSection(SolutionConfigurationPlatforms) = preSolution
		Debug|Any CPU = Debug|Any CPU
		Release|Any CPU = Release|Any CPU
	EndGlobalSection
	GlobalSection(ProjectConfigurationPlatforms) = postSolution
		{EEDECC31-A424-4DBC-9A1C-09E73C164397}.Debug|Any CPU.ActiveCfg = Debug|Any CPU
		{EEDECC31-A424-4DBC-9A1C-09E73C164397}.Debug|Any CPU.Build.0 = Debug|Any CPU
		{EEDECC31-A424-4DBC-9A1C-09E73C164397}.Release|Any CPU.ActiveCfg = Release|Any CPU
		{EEDECC31-A424-4DBC-9A1C-09E73C164397}.Release|Any CPU.Build.0 = Release|Any CPU
	EndGlobalSection
	GlobalSection(SolutionProperties) = preSolution
		HideSolutionNode = FALSE
	EndGlobalSection
	GlobalSection(ExtensibilityGlobals) = postSolution
		SolutionGuid = {472BA647-D418-4A99-A1D4-D1924A2D2BBD}
	EndGlobalSection
EndGlobal
